
Microsoft Visual Studio Solution File, Format Version 12.00
# Visual Studio 14
VisualStudioVersion = 14.0.25420.1
MinimumVisualStudioVersion = 10.0.40219.1
Project("{FAE04EC0-301F-11D3-BF4B-00C04F79EFBC}") = "ImdbLibrary.Data", "ImdbLibrary.Data\ImdbLibrary.Data.csproj", "{73354F5B-A9A2-4F18-9748-55C1A1C0EB44}"
EndProject
Project("{FAE04EC0-301F-11D3-BF4B-00C04F79EFBC}") = "ImdbLibrary.Data.LiteDb", "ImdbLibrary.Data.LiteDb\ImdbLibrary.Data.LiteDb.csproj", "{DFC971B6-3054-4A48-8EB1-52456C794B96}"
EndProject
Project("{FAE04EC0-301F-11D3-BF4B-00C04F79EFBC}") = "ImdbLibrary.Core", "ImdbLibrary.Core\ImdbLibrary.Core.csproj", "{3262F323-7823-4D0C-89CA-7D71565554BB}"
EndProject
Project("{FAE04EC0-301F-11D3-BF4B-00C04F79EFBC}") = "ImdbLibrary.Module.LiteDb", "ImdbLibrary.Module.LiteDb\ImdbLibrary.Module.LiteDb.csproj", "{405C6D0C-011C-4AE3-A27C-677D61EFE4E9}"
EndProject
Project("{FAE04EC0-301F-11D3-BF4B-00C04F79EFBC}") = "ImdbLibrary.Service", "ImdbLibrary.Service\ImdbLibrary.Service.csproj", "{09F6D545-068B-4B7F-8FA2-66FB1459E01E}"
EndProject
Project("{FAE04EC0-301F-11D3-BF4B-00C04F79EFBC}") = "ImdbLibrary.UI.Wpf", "ImdbLibrary.UI.Wpf\ImdbLibrary.UI.Wpf.csproj", "{A062069F-C673-4564-8EE9-9DD558627215}"
EndProject
Global
	GlobalSection(SolutionConfigurationPlatforms) = preSolution
		Debug|Any CPU = Debug|Any CPU
		Release|Any CPU = Release|Any CPU
	EndGlobalSection
	GlobalSection(ProjectConfigurationPlatforms) = postSolution
		{73354F5B-A9A2-4F18-9748-55C1A1C0EB44}.Debug|Any CPU.ActiveCfg = Debug|Any CPU
		{73354F5B-A9A2-4F18-9748-55C1A1C0EB44}.Debug|Any CPU.Build.0 = Debug|Any CPU
		{73354F5B-A9A2-4F18-9748-55C1A1C0EB44}.Release|Any CPU.ActiveCfg = Release|Any CPU
		{73354F5B-A9A2-4F18-9748-55C1A1C0EB44}.Release|Any CPU.Build.0 = Release|Any CPU
		{DFC971B6-3054-4A48-8EB1-52456C794B96}.Debug|Any CPU.ActiveCfg = Debug|Any CPU
		{DFC971B6-3054-4A48-8EB1-52456C794B96}.Debug|Any CPU.Build.0 = Debug|Any CPU
		{DFC971B6-3054-4A48-8EB1-52456C794B96}.Release|Any CPU.ActiveCfg = Release|Any CPU
		{DFC971B6-3054-4A48-8EB1-52456C794B96}.Release|Any CPU.Build.0 = Release|Any CPU
		{3262F323-7823-4D0C-89CA-7D71565554BB}.Debug|Any CPU.ActiveCfg = Debug|Any CPU
		{3262F323-7823-4D0C-89CA-7D71565554BB}.Debug|Any CPU.Build.0 = Debug|Any CPU
		{3262F323-7823-4D0C-89CA-7D71565554BB}.Release|Any CPU.ActiveCfg = Release|Any CPU
		{3262F323-7823-4D0C-89CA-7D71565554BB}.Release|Any CPU.Build.0 = Release|Any CPU
		{405C6D0C-011C-4AE3-A27C-677D61EFE4E9}.Debug|Any CPU.ActiveCfg = Debug|Any CPU
		{405C6D0C-011C-4AE3-A27C-677D61EFE4E9}.Debug|Any CPU.Build.0 = Debug|Any CPU
		{405C6D0C-011C-4AE3-A27C-677D61EFE4E9}.Release|Any CPU.ActiveCfg = Release|Any CPU
		{405C6D0C-011C-4AE3-A27C-677D61EFE4E9}.Release|Any CPU.Build.0 = Release|Any CPU
		{09F6D545-068B-4B7F-8FA2-66FB1459E01E}.Debug|Any CPU.ActiveCfg = Debug|Any CPU
		{09F6D545-068B-4B7F-8FA2-66FB1459E01E}.Debug|Any CPU.Build.0 = Debug|Any CPU
		{09F6D545-068B-4B7F-8FA2-66FB1459E01E}.Release|Any CPU.ActiveCfg = Release|Any CPU
		{09F6D545-068B-4B7F-8FA2-66FB1459E01E}.Release|Any CPU.Build.0 = Release|Any CPU
		{A062069F-C673-4564-8EE9-9DD558627215}.Debug|Any CPU.ActiveCfg = Debug|Any CPU
		{A062069F-C673-4564-8EE9-9DD558627215}.Debug|Any CPU.Build.0 = Debug|Any CPU
		{A062069F-C673-4564-8EE9-9DD558627215}.Release|Any CPU.ActiveCfg = Release|Any CPU
		{A062069F-C673-4564-8EE9-9DD558627215}.Release|Any CPU.Build.0 = Release|Any CPU
	EndGlobalSection
	GlobalSection(SolutionProperties) = preSolution
		HideSolutionNode = FALSE
	EndGlobalSection
EndGlobal
